
Microsoft Visual Studio Solution File, Format Version 12.00
# Visual Studio Version 17
VisualStudioVersion = 17.13.35825.156 d17.13
MinimumVisualStudioVersion = 10.0.40219.1
Project("{FAE04EC0-301F-11D3-BF4B-00C04F79EFBC}") = "basics", "basics.csproj", "{85F89B4C-3C66-47FD-B65D-332D8C4A16BC}"
EndProject
Global
	GlobalSection(SolutionConfigurationPlatforms) = preSolution
		Debug|Any CPU = Debug|Any CPU
		Release|Any CPU = Release|Any CPU
	EndGlobalSection
	GlobalSection(ProjectConfigurationPlatforms) = postSolution
		{85F89B4C-3C66-47FD-B65D-332D8C4A16BC}.Debug|Any CPU.ActiveCfg = Debug|Any CPU
		{85F89B4C-3C66-47FD-B65D-332D8C4A16BC}.Debug|Any CPU.Build.0 = Debug|Any CPU
		{85F89B4C-3C66-47FD-B65D-332D8C4A16BC}.Release|Any CPU.ActiveCfg = Release|Any CPU
		{85F89B4C-3C66-47FD-B65D-332D8C4A16BC}.Release|Any CPU.Build.0 = Release|Any CPU
	EndGlobalSection
	GlobalSection(SolutionProperties) = preSolution
		HideSolutionNode = FALSE
	EndGlobalSection
	GlobalSection(ExtensibilityGlobals) = postSolution
		SolutionGuid = {4D0760BB-BAF1-4E5A-B32D-CAC12AE45BEF}
	EndGlobalSection
EndGlobal
